
Microsoft Visual Studio Solution File, Format Version 12.00
# Visual Studio Version 17
VisualStudioVersion = 17.13.35825.156
MinimumVisualStudioVersion = 10.0.40219.1
Project("{8BC9CEB8-8B4A-11D0-8D11-00A0C91BC942}") = "sail_api_impl64", "sail_api_impl64\sail_api_impl64.vcxproj", "{240D874D-A615-4459-8B11-001E96834CAE}"
EndProject
Project("{FAE04EC0-301F-11D3-BF4B-00C04F79EFBC}") = "EpinelPSLauncher", "EpinelPSLauncher\EpinelPSLauncher.csproj", "{816E0428-D804-CB08-F490-843C4D5E3A17}"
	ProjectSection(ProjectDependencies) = postProject
		{240D874D-A615-4459-8B11-001E96834CAE} = {240D874D-A615-4459-8B11-001E96834CAE}
		{35FA1ED1-4ADD-40B1-B5E9-F2F59744A00F} = {35FA1ED1-4ADD-40B1-B5E9-F2F59744A00F}
	EndProjectSection
EndProject
Project("{FAE04EC0-301F-11D3-BF4B-00C04F79EFBC}") = "EpinelPSLauncher.Desktop", "EpinelPSLauncher.Desktop\EpinelPSLauncher.Desktop.csproj", "{07A52955-7E5E-096E-636E-2155F51723C8}"
EndProject
Project("{FAE04EC0-301F-11D3-BF4B-00C04F79EFBC}") = "LauncherUtility", "LauncherUtility\LauncherUtility.csproj", "{35FA1ED1-4ADD-40B1-B5E9-F2F59744A00F}"
	ProjectSection(ProjectDependencies) = postProject
		{240D874D-A615-4459-8B11-001E96834CAE} = {240D874D-A615-4459-8B11-001E96834CAE}
	EndProjectSection
EndProject
Global
	GlobalSection(SolutionConfigurationPlatforms) = preSolution
		Debug|Any CPU = Debug|Any CPU
		Debug|x64 = Debug|x64
		Debug|x86 = Debug|x86
		Release|Any CPU = Release|Any CPU
		Release|x64 = Release|x64
		Release|x86 = Release|x86
	EndGlobalSection
	GlobalSection(ProjectConfigurationPlatforms) = postSolution
		{240D874D-A615-4459-8B11-001E96834CAE}.Debug|Any CPU.ActiveCfg = Debug|x64
		{240D874D-A615-4459-8B11-001E96834CAE}.Debug|Any CPU.Build.0 = Debug|x64
		{240D874D-A615-4459-8B11-001E96834CAE}.Debug|x64.ActiveCfg = Debug|x64
		{240D874D-A615-4459-8B11-001E96834CAE}.Debug|x64.Build.0 = Debug|x64
		{240D874D-A615-4459-8B11-001E96834CAE}.Debug|x86.ActiveCfg = Debug|Win32
		{240D874D-A615-4459-8B11-001E96834CAE}.Debug|x86.Build.0 = Debug|Win32
		{240D874D-A615-4459-8B11-001E96834CAE}.Release|Any CPU.ActiveCfg = Release|x64
		{240D874D-A615-4459-8B11-001E96834CAE}.Release|Any CPU.Build.0 = Release|x64
		{240D874D-A615-4459-8B11-001E96834CAE}.Release|x64.ActiveCfg = Release|x64
		{240D874D-A615-4459-8B11-001E96834CAE}.Release|x64.Build.0 = Release|x64
		{240D874D-A615-4459-8B11-001E96834CAE}.Release|x86.ActiveCfg = Release|Win32
		{240D874D-A615-4459-8B11-001E96834CAE}.Release|x86.Build.0 = Release|Win32
		{816E0428-D804-CB08-F490-843C4D5E3A17}.Debug|Any CPU.ActiveCfg = Debug|Any CPU
		{816E0428-D804-CB08-F490-843C4D5E3A17}.Debug|Any CPU.Build.0 = Debug|Any CPU
		{816E0428-D804-CB08-F490-843C4D5E3A17}.Debug|x64.ActiveCfg = Debug|Any CPU
		{816E0428-D804-CB08-F490-843C4D5E3A17}.Debug|x64.Build.0 = Debug|Any CPU
		{816E0428-D804-CB08-F490-843C4D5E3A17}.Debug|x86.ActiveCfg = Debug|Any CPU
		{816E0428-D804-CB08-F490-843C4D5E3A17}.Debug|x86.Build.0 = Debug|Any CPU
		{816E0428-D804-CB08-F490-843C4D5E3A17}.Release|Any CPU.ActiveCfg = Release|Any CPU
		{816E0428-D804-CB08-F490-843C4D5E3A17}.Release|Any CPU.Build.0 = Release|Any CPU
		{816E0428-D804-CB08-F490-843C4D5E3A17}.Release|x64.ActiveCfg = Release|Any CPU
		{816E0428-D804-CB08-F490-843C4D5E3A17}.Release|x64.Build.0 = Release|Any CPU
		{816E0428-D804-CB08-F490-843C4D5E3A17}.Release|x86.ActiveCfg = Release|Any CPU
		{816E0428-D804-CB08-F490-843C4D5E3A17}.Release|x86.Build.0 = Release|Any CPU
		{07A52955-7E5E-096E-636E-2155F51723C8}.Debug|Any CPU.ActiveCfg = Debug|Any CPU
		{07A52955-7E5E-096E-636E-2155F51723C8}.Debug|Any CPU.Build.0 = Debug|Any CPU
		{07A52955-7E5E-096E-636E-2155F51723C8}.Debug|x64.ActiveCfg = Debug|Any CPU
		{07A52955-7E5E-096E-636E-2155F51723C8}.Debug|x64.Build.0 = Debug|Any CPU
		{07A52955-7E5E-096E-636E-2155F51723C8}.Debug|x86.ActiveCfg = Debug|Any CPU
		{07A52955-7E5E-096E-636E-2155F51723C8}.Debug|x86.Build.0 = Debug|Any CPU
		{07A52955-7E5E-096E-636E-2155F51723C8}.Release|Any CPU.ActiveCfg = Release|Any CPU
		{07A52955-7E5E-096E-636E-2155F51723C8}.Release|Any CPU.Build.0 = Release|Any CPU
		{07A52955-7E5E-096E-636E-2155F51723C8}.Release|x64.ActiveCfg = Release|Any CPU
		{07A52955-7E5E-096E-636E-2155F51723C8}.Release|x64.Build.0 = Release|Any CPU
		{07A52955-7E5E-096E-636E-2155F51723C8}.Release|x86.ActiveCfg = Release|Any CPU
		{07A52955-7E5E-096E-636E-2155F51723C8}.Release|x86.Build.0 = Release|Any CPU
		{35FA1ED1-4ADD-40B1-B5E9-F2F59744A00F}.Debug|Any CPU.ActiveCfg = Debug|Any CPU
		{35FA1ED1-4ADD-40B1-B5E9-F2F59744A00F}.Debug|Any CPU.Build.0 = Debug|Any CPU
		{35FA1ED1-4ADD-40B1-B5E9-F2F59744A00F}.Debug|x64.ActiveCfg = Debug|Any CPU
		{35FA1ED1-4ADD-40B1-B5E9-F2F59744A00F}.Debug|x64.Build.0 = Debug|Any CPU
		{35FA1ED1-4ADD-40B1-B5E9-F2F59744A00F}.Debug|x86.ActiveCfg = Debug|Any CPU
		{35FA1ED1-4ADD-40B1-B5E9-F2F59744A00F}.Debug|x86.Build.0 = Debug|Any CPU
		{35FA1ED1-4ADD-40B1-B5E9-F2F59744A00F}.Release|Any CPU.ActiveCfg = Release|Any CPU
		{35FA1ED1-4ADD-40B1-B5E9-F2F59744A00F}.Release|Any CPU.Build.0 = Release|Any CPU
		{35FA1ED1-4ADD-40B1-B5E9-F2F59744A00F}.Release|x64.ActiveCfg = Release|Any CPU
		{35FA1ED1-4ADD-40B1-B5E9-F2F59744A00F}.Release|x64.Build.0 = Release|Any CPU
		{35FA1ED1-4ADD-40B1-B5E9-F2F59744A00F}.Release|x86.ActiveCfg = Release|Any CPU
		{35FA1ED1-4ADD-40B1-B5E9-F2F59744A00F}.Release|x86.Build.0 = Release|Any CPU
	EndGlobalSection
	GlobalSection(SolutionProperties) = preSolution
		HideSolutionNode = FALSE
	EndGlobalSection
	GlobalSection(ExtensibilityGlobals) = postSolution
		SolutionGuid = {3BF4064D-B520-43C9-9BE3-F15D1C550F1A}
	EndGlobalSection
EndGlobal
